
Microsoft Visual Studio Solution File, Format Version 12.00
# Visual Studio 15
VisualStudioVersion = 15.0.28307.1622
MinimumVisualStudioVersion = 10.0.40219.1
Project("{FAE04EC0-301F-11D3-BF4B-00C04F79EFBC}") = "WpfApp", "WpfApp\WpfApp.csproj", "{052F2613-8B10-4637-B763-9EA54EE92134}"
EndProject
Global
	GlobalSection(SolutionConfigurationPlatforms) = preSolution
		Debug|Any CPU = Debug|Any CPU
		Release|Any CPU = Release|Any CPU
	EndGlobalSection
	GlobalSection(ProjectConfigurationPlatforms) = postSolution
		{052F2613-8B10-4637-B763-9EA54EE92134}.Debug|Any CPU.ActiveCfg = Debug|Any CPU
		{052F2613-8B10-4637-B763-9EA54EE92134}.Debug|Any CPU.Build.0 = Debug|Any CPU
		{052F2613-8B10-4637-B763-9EA54EE92134}.Release|Any CPU.ActiveCfg = Release|Any CPU
		{052F2613-8B10-4637-B763-9EA54EE92134}.Release|Any CPU.Build.0 = Release|Any CPU
	EndGlobalSection
	GlobalSection(SolutionProperties) = preSolution
		HideSolutionNode = FALSE
	EndGlobalSection
	GlobalSection(ExtensibilityGlobals) = postSolution
		SolutionGuid = {6B73D717-DD2C-4884-B509-AA66CF0C0E5D}
	EndGlobalSection
EndGlobal
